
Microsoft Visual Studio Solution File, Format Version 12.00
# Visual Studio 15
VisualStudioVersion = 15.0.28307.421
MinimumVisualStudioVersion = 10.0.40219.1
Project("{FAE04EC0-301F-11D3-BF4B-00C04F79EFBC}") = "HospitalApplicationFirst", "HospitalApplicationFirst\HospitalApplicationFirst.csproj", "{2CD558DA-B626-48D3-9250-1293C55B1E0D}"
EndProject
Global
	GlobalSection(SolutionConfigurationPlatforms) = preSolution
		Debug|Any CPU = Debug|Any CPU
		Release|Any CPU = Release|Any CPU
	EndGlobalSection
	GlobalSection(ProjectConfigurationPlatforms) = postSolution
		{2CD558DA-B626-48D3-9250-1293C55B1E0D}.Debug|Any CPU.ActiveCfg = Debug|Any CPU
		{2CD558DA-B626-48D3-9250-1293C55B1E0D}.Debug|Any CPU.Build.0 = Debug|Any CPU
		{2CD558DA-B626-48D3-9250-1293C55B1E0D}.Release|Any CPU.ActiveCfg = Release|Any CPU
		{2CD558DA-B626-48D3-9250-1293C55B1E0D}.Release|Any CPU.Build.0 = Release|Any CPU
	EndGlobalSection
	GlobalSection(SolutionProperties) = preSolution
		HideSolutionNode = FALSE
	EndGlobalSection
	GlobalSection(ExtensibilityGlobals) = postSolution
		SolutionGuid = {1E03F943-4F2D-446A-B6F2-8678BD487496}
	EndGlobalSection
EndGlobal
